
Microsoft Visual Studio Solution File, Format Version 12.00
# Visual Studio Version 17
VisualStudioVersion = 17.14.36327.8 d17.14
MinimumVisualStudioVersion = 10.0.40219.1
Project("{FAE04EC0-301F-11D3-BF4B-00C04F79EFBC}") = "bai7.6", "bai7.6.csproj", "{700F7BE7-D1AF-4995-A3F7-D15A963990A2}"
EndProject
Global
	GlobalSection(SolutionConfigurationPlatforms) = preSolution
		Debug|Any CPU = Debug|Any CPU
		Release|Any CPU = Release|Any CPU
	EndGlobalSection
	GlobalSection(ProjectConfigurationPlatforms) = postSolution
		{700F7BE7-D1AF-4995-A3F7-D15A963990A2}.Debug|Any CPU.ActiveCfg = Debug|Any CPU
		{700F7BE7-D1AF-4995-A3F7-D15A963990A2}.Debug|Any CPU.Build.0 = Debug|Any CPU
		{700F7BE7-D1AF-4995-A3F7-D15A963990A2}.Release|Any CPU.ActiveCfg = Release|Any CPU
		{700F7BE7-D1AF-4995-A3F7-D15A963990A2}.Release|Any CPU.Build.0 = Release|Any CPU
	EndGlobalSection
	GlobalSection(SolutionProperties) = preSolution
		HideSolutionNode = FALSE
	EndGlobalSection
	GlobalSection(ExtensibilityGlobals) = postSolution
		SolutionGuid = {6B45EB49-C18D-49F8-A742-AA0606BE8AD8}
	EndGlobalSection
EndGlobal
