
Microsoft Visual Studio Solution File, Format Version 12.00
# Visual Studio Version 17
VisualStudioVersion = 17.14.36327.8 d17.14
MinimumVisualStudioVersion = 10.0.40219.1
Project("{FAE04EC0-301F-11D3-BF4B-00C04F79EFBC}") = "bai27", "bai27.csproj", "{292813F8-7F26-4B46-80E8-EC4980ABB8D9}"
EndProject
Global
	GlobalSection(SolutionConfigurationPlatforms) = preSolution
		Debug|Any CPU = Debug|Any CPU
		Release|Any CPU = Release|Any CPU
	EndGlobalSection
	GlobalSection(ProjectConfigurationPlatforms) = postSolution
		{292813F8-7F26-4B46-80E8-EC4980ABB8D9}.Debug|Any CPU.ActiveCfg = Debug|Any CPU
		{292813F8-7F26-4B46-80E8-EC4980ABB8D9}.Debug|Any CPU.Build.0 = Debug|Any CPU
		{292813F8-7F26-4B46-80E8-EC4980ABB8D9}.Release|Any CPU.ActiveCfg = Release|Any CPU
		{292813F8-7F26-4B46-80E8-EC4980ABB8D9}.Release|Any CPU.Build.0 = Release|Any CPU
	EndGlobalSection
	GlobalSection(SolutionProperties) = preSolution
		HideSolutionNode = FALSE
	EndGlobalSection
	GlobalSection(ExtensibilityGlobals) = postSolution
		SolutionGuid = {D360A3F4-D140-4286-BC48-39AF5F1B3662}
	EndGlobalSection
EndGlobal
