
Microsoft Visual Studio Solution File, Format Version 12.00
# Visual Studio Version 17
VisualStudioVersion = 17.14.36327.8 d17.14
MinimumVisualStudioVersion = 10.0.40219.1
Project("{FAE04EC0-301F-11D3-BF4B-00C04F79EFBC}") = "bai10.3", "bai10.3.csproj", "{7A68D57B-5382-4E50-AF38-7BF3957C250E}"
EndProject
Global
	GlobalSection(SolutionConfigurationPlatforms) = preSolution
		Debug|Any CPU = Debug|Any CPU
		Release|Any CPU = Release|Any CPU
	EndGlobalSection
	GlobalSection(ProjectConfigurationPlatforms) = postSolution
		{7A68D57B-5382-4E50-AF38-7BF3957C250E}.Debug|Any CPU.ActiveCfg = Debug|Any CPU
		{7A68D57B-5382-4E50-AF38-7BF3957C250E}.Debug|Any CPU.Build.0 = Debug|Any CPU
		{7A68D57B-5382-4E50-AF38-7BF3957C250E}.Release|Any CPU.ActiveCfg = Release|Any CPU
		{7A68D57B-5382-4E50-AF38-7BF3957C250E}.Release|Any CPU.Build.0 = Release|Any CPU
	EndGlobalSection
	GlobalSection(SolutionProperties) = preSolution
		HideSolutionNode = FALSE
	EndGlobalSection
	GlobalSection(ExtensibilityGlobals) = postSolution
		SolutionGuid = {42ED0466-6F12-4437-AF5C-6D8E8E8CFD50}
	EndGlobalSection
EndGlobal
