
Microsoft Visual Studio Solution File, Format Version 12.00
# Visual Studio Version 17
VisualStudioVersion = 17.14.36327.8 d17.14
MinimumVisualStudioVersion = 10.0.40219.1
Project("{FAE04EC0-301F-11D3-BF4B-00C04F79EFBC}") = "bai14.1", "bai14.1.csproj", "{9F7751D6-831D-49A7-AD41-ADB53BF63339}"
EndProject
Global
	GlobalSection(SolutionConfigurationPlatforms) = preSolution
		Debug|Any CPU = Debug|Any CPU
		Release|Any CPU = Release|Any CPU
	EndGlobalSection
	GlobalSection(ProjectConfigurationPlatforms) = postSolution
		{9F7751D6-831D-49A7-AD41-ADB53BF63339}.Debug|Any CPU.ActiveCfg = Debug|Any CPU
		{9F7751D6-831D-49A7-AD41-ADB53BF63339}.Debug|Any CPU.Build.0 = Debug|Any CPU
		{9F7751D6-831D-49A7-AD41-ADB53BF63339}.Release|Any CPU.ActiveCfg = Release|Any CPU
		{9F7751D6-831D-49A7-AD41-ADB53BF63339}.Release|Any CPU.Build.0 = Release|Any CPU
	EndGlobalSection
	GlobalSection(SolutionProperties) = preSolution
		HideSolutionNode = FALSE
	EndGlobalSection
	GlobalSection(ExtensibilityGlobals) = postSolution
		SolutionGuid = {A9EFF11F-D7B9-4D02-88C5-86986FF5DC9A}
	EndGlobalSection
EndGlobal
