
Microsoft Visual Studio Solution File, Format Version 12.00
# Visual Studio Version 17
VisualStudioVersion = 17.14.36327.8 d17.14
MinimumVisualStudioVersion = 10.0.40219.1
Project("{FAE04EC0-301F-11D3-BF4B-00C04F79EFBC}") = "bai7.2", "bai7.2.csproj", "{EBBBA372-9FB3-48AC-A4F3-CC82FB049708}"
EndProject
Global
	GlobalSection(SolutionConfigurationPlatforms) = preSolution
		Debug|Any CPU = Debug|Any CPU
		Release|Any CPU = Release|Any CPU
	EndGlobalSection
	GlobalSection(ProjectConfigurationPlatforms) = postSolution
		{EBBBA372-9FB3-48AC-A4F3-CC82FB049708}.Debug|Any CPU.ActiveCfg = Debug|Any CPU
		{EBBBA372-9FB3-48AC-A4F3-CC82FB049708}.Debug|Any CPU.Build.0 = Debug|Any CPU
		{EBBBA372-9FB3-48AC-A4F3-CC82FB049708}.Release|Any CPU.ActiveCfg = Release|Any CPU
		{EBBBA372-9FB3-48AC-A4F3-CC82FB049708}.Release|Any CPU.Build.0 = Release|Any CPU
	EndGlobalSection
	GlobalSection(SolutionProperties) = preSolution
		HideSolutionNode = FALSE
	EndGlobalSection
	GlobalSection(ExtensibilityGlobals) = postSolution
		SolutionGuid = {1396A46D-BF9E-4006-9E65-125C81688E51}
	EndGlobalSection
EndGlobal
