
Microsoft Visual Studio Solution File, Format Version 12.00
# Visual Studio Version 17
VisualStudioVersion = 17.14.36327.8 d17.14
MinimumVisualStudioVersion = 10.0.40219.1
Project("{FAE04EC0-301F-11D3-BF4B-00C04F79EFBC}") = "bai15.3", "bai15.3.csproj", "{42FB4CD4-F3CB-45F7-9F5D-333AFDFC0BD1}"
EndProject
Global
	GlobalSection(SolutionConfigurationPlatforms) = preSolution
		Debug|Any CPU = Debug|Any CPU
		Release|Any CPU = Release|Any CPU
	EndGlobalSection
	GlobalSection(ProjectConfigurationPlatforms) = postSolution
		{42FB4CD4-F3CB-45F7-9F5D-333AFDFC0BD1}.Debug|Any CPU.ActiveCfg = Debug|Any CPU
		{42FB4CD4-F3CB-45F7-9F5D-333AFDFC0BD1}.Debug|Any CPU.Build.0 = Debug|Any CPU
		{42FB4CD4-F3CB-45F7-9F5D-333AFDFC0BD1}.Release|Any CPU.ActiveCfg = Release|Any CPU
		{42FB4CD4-F3CB-45F7-9F5D-333AFDFC0BD1}.Release|Any CPU.Build.0 = Release|Any CPU
	EndGlobalSection
	GlobalSection(SolutionProperties) = preSolution
		HideSolutionNode = FALSE
	EndGlobalSection
	GlobalSection(ExtensibilityGlobals) = postSolution
		SolutionGuid = {394F22A5-6B9B-4CF6-99A9-32289AE1BA1B}
	EndGlobalSection
EndGlobal
